
Microsoft Visual Studio Solution File, Format Version 12.00
# Visual Studio Version 17
VisualStudioVersion = 17.6.33815.320
MinimumVisualStudioVersion = 10.0.40219.1
Project("{FAE04EC0-301F-11D3-BF4B-00C04F79EFBC}") = "NullVariables", "NullVariables\NullVariables.csproj", "{A08187C2-CF74-4B1D-8DC3-EF9F1A8037C2}"
EndProject
Global
	GlobalSection(SolutionConfigurationPlatforms) = preSolution
		Debug|Any CPU = Debug|Any CPU
		Release|Any CPU = Release|Any CPU
	EndGlobalSection
	GlobalSection(ProjectConfigurationPlatforms) = postSolution
		{A08187C2-CF74-4B1D-8DC3-EF9F1A8037C2}.Debug|Any CPU.ActiveCfg = Debug|Any CPU
		{A08187C2-CF74-4B1D-8DC3-EF9F1A8037C2}.Debug|Any CPU.Build.0 = Debug|Any CPU
		{A08187C2-CF74-4B1D-8DC3-EF9F1A8037C2}.Release|Any CPU.ActiveCfg = Release|Any CPU
		{A08187C2-CF74-4B1D-8DC3-EF9F1A8037C2}.Release|Any CPU.Build.0 = Release|Any CPU
	EndGlobalSection
	GlobalSection(SolutionProperties) = preSolution
		HideSolutionNode = FALSE
	EndGlobalSection
	GlobalSection(ExtensibilityGlobals) = postSolution
		SolutionGuid = {7E7CBA45-8C9A-42FC-A05D-CCD8F2A5832D}
	EndGlobalSection
EndGlobal
